
Microsoft Visual Studio Solution File, Format Version 12.00
# Visual Studio 15
VisualStudioVersion = 15.0.26124.0
MinimumVisualStudioVersion = 15.0.26124.0
Project("{FAE04EC0-301F-11D3-BF4B-00C04F79EFBC}") = "performancemessagereceiver", "performancemessagereceiver\performancemessagereceiver.csproj", "{74E0AB45-E2C4-40BD-8637-AA671D325C84}"
EndProject
Project("{FAE04EC0-301F-11D3-BF4B-00C04F79EFBC}") = "performancemessagesender", "performancemessagesender\performancemessagesender.csproj", "{D551FE33-F6DB-45B9-A57A-890FCA305FA8}"
EndProject
Project("{FAE04EC0-301F-11D3-BF4B-00C04F79EFBC}") = "privatemessagesender", "privatemessagesender\privatemessagesender.csproj", "{688EBBC3-BA02-4E48-ACB2-D99C97B5B008}"
EndProject
Project("{FAE04EC0-301F-11D3-BF4B-00C04F79EFBC}") = "privatemessagereceiver", "privatemessagereceiver\privatemessagereceiver.csproj", "{46B6A59D-AA5F-485D-B137-FD25D3DECC8A}"
EndProject
Global
	GlobalSection(SolutionConfigurationPlatforms) = preSolution
		Debug|Any CPU = Debug|Any CPU
		Debug|x64 = Debug|x64
		Debug|x86 = Debug|x86
		Release|Any CPU = Release|Any CPU
		Release|x64 = Release|x64
		Release|x86 = Release|x86
	EndGlobalSection
	GlobalSection(SolutionProperties) = preSolution
		HideSolutionNode = FALSE
	EndGlobalSection
	GlobalSection(ProjectConfigurationPlatforms) = postSolution
		{74E0AB45-E2C4-40BD-8637-AA671D325C84}.Debug|Any CPU.ActiveCfg = Debug|Any CPU
		{74E0AB45-E2C4-40BD-8637-AA671D325C84}.Debug|Any CPU.Build.0 = Debug|Any CPU
		{74E0AB45-E2C4-40BD-8637-AA671D325C84}.Debug|x64.ActiveCfg = Debug|Any CPU
		{74E0AB45-E2C4-40BD-8637-AA671D325C84}.Debug|x64.Build.0 = Debug|Any CPU
		{74E0AB45-E2C4-40BD-8637-AA671D325C84}.Debug|x86.ActiveCfg = Debug|Any CPU
		{74E0AB45-E2C4-40BD-8637-AA671D325C84}.Debug|x86.Build.0 = Debug|Any CPU
		{74E0AB45-E2C4-40BD-8637-AA671D325C84}.Release|Any CPU.ActiveCfg = Release|Any CPU
		{74E0AB45-E2C4-40BD-8637-AA671D325C84}.Release|Any CPU.Build.0 = Release|Any CPU
		{74E0AB45-E2C4-40BD-8637-AA671D325C84}.Release|x64.ActiveCfg = Release|Any CPU
		{74E0AB45-E2C4-40BD-8637-AA671D325C84}.Release|x64.Build.0 = Release|Any CPU
		{74E0AB45-E2C4-40BD-8637-AA671D325C84}.Release|x86.ActiveCfg = Release|Any CPU
		{74E0AB45-E2C4-40BD-8637-AA671D325C84}.Release|x86.Build.0 = Release|Any CPU
		{D551FE33-F6DB-45B9-A57A-890FCA305FA8}.Debug|Any CPU.ActiveCfg = Debug|Any CPU
		{D551FE33-F6DB-45B9-A57A-890FCA305FA8}.Debug|Any CPU.Build.0 = Debug|Any CPU
		{D551FE33-F6DB-45B9-A57A-890FCA305FA8}.Debug|x64.ActiveCfg = Debug|Any CPU
		{D551FE33-F6DB-45B9-A57A-890FCA305FA8}.Debug|x64.Build.0 = Debug|Any CPU
		{D551FE33-F6DB-45B9-A57A-890FCA305FA8}.Debug|x86.ActiveCfg = Debug|Any CPU
		{D551FE33-F6DB-45B9-A57A-890FCA305FA8}.Debug|x86.Build.0 = Debug|Any CPU
		{D551FE33-F6DB-45B9-A57A-890FCA305FA8}.Release|Any CPU.ActiveCfg = Release|Any CPU
		{D551FE33-F6DB-45B9-A57A-890FCA305FA8}.Release|Any CPU.Build.0 = Release|Any CPU
		{D551FE33-F6DB-45B9-A57A-890FCA305FA8}.Release|x64.ActiveCfg = Release|Any CPU
		{D551FE33-F6DB-45B9-A57A-890FCA305FA8}.Release|x64.Build.0 = Release|Any CPU
		{D551FE33-F6DB-45B9-A57A-890FCA305FA8}.Release|x86.ActiveCfg = Release|Any CPU
		{D551FE33-F6DB-45B9-A57A-890FCA305FA8}.Release|x86.Build.0 = Release|Any CPU
		{688EBBC3-BA02-4E48-ACB2-D99C97B5B008}.Debug|Any CPU.ActiveCfg = Debug|Any CPU
		{688EBBC3-BA02-4E48-ACB2-D99C97B5B008}.Debug|Any CPU.Build.0 = Debug|Any CPU
		{688EBBC3-BA02-4E48-ACB2-D99C97B5B008}.Debug|x64.ActiveCfg = Debug|Any CPU
		{688EBBC3-BA02-4E48-ACB2-D99C97B5B008}.Debug|x64.Build.0 = Debug|Any CPU
		{688EBBC3-BA02-4E48-ACB2-D99C97B5B008}.Debug|x86.ActiveCfg = Debug|Any CPU
		{688EBBC3-BA02-4E48-ACB2-D99C97B5B008}.Debug|x86.Build.0 = Debug|Any CPU
		{688EBBC3-BA02-4E48-ACB2-D99C97B5B008}.Release|Any CPU.ActiveCfg = Release|Any CPU
		{688EBBC3-BA02-4E48-ACB2-D99C97B5B008}.Release|Any CPU.Build.0 = Release|Any CPU
		{688EBBC3-BA02-4E48-ACB2-D99C97B5B008}.Release|x64.ActiveCfg = Release|Any CPU
		{688EBBC3-BA02-4E48-ACB2-D99C97B5B008}.Release|x64.Build.0 = Release|Any CPU
		{688EBBC3-BA02-4E48-ACB2-D99C97B5B008}.Release|x86.ActiveCfg = Release|Any CPU
		{688EBBC3-BA02-4E48-ACB2-D99C97B5B008}.Release|x86.Build.0 = Release|Any CPU
		{46B6A59D-AA5F-485D-B137-FD25D3DECC8A}.Debug|Any CPU.ActiveCfg = Debug|Any CPU
		{46B6A59D-AA5F-485D-B137-FD25D3DECC8A}.Debug|Any CPU.Build.0 = Debug|Any CPU
		{46B6A59D-AA5F-485D-B137-FD25D3DECC8A}.Debug|x64.ActiveCfg = Debug|Any CPU
		{46B6A59D-AA5F-485D-B137-FD25D3DECC8A}.Debug|x64.Build.0 = Debug|Any CPU
		{46B6A59D-AA5F-485D-B137-FD25D3DECC8A}.Debug|x86.ActiveCfg = Debug|Any CPU
		{46B6A59D-AA5F-485D-B137-FD25D3DECC8A}.Debug|x86.Build.0 = Debug|Any CPU
		{46B6A59D-AA5F-485D-B137-FD25D3DECC8A}.Release|Any CPU.ActiveCfg = Release|Any CPU
		{46B6A59D-AA5F-485D-B137-FD25D3DECC8A}.Release|Any CPU.Build.0 = Release|Any CPU
		{46B6A59D-AA5F-485D-B137-FD25D3DECC8A}.Release|x64.ActiveCfg = Release|Any CPU
		{46B6A59D-AA5F-485D-B137-FD25D3DECC8A}.Release|x64.Build.0 = Release|Any CPU
		{46B6A59D-AA5F-485D-B137-FD25D3DECC8A}.Release|x86.ActiveCfg = Release|Any CPU
		{46B6A59D-AA5F-485D-B137-FD25D3DECC8A}.Release|x86.Build.0 = Release|Any CPU
	EndGlobalSection
EndGlobal
